// !$*UTF8*$!
{
	archiveVersion = 1;
	classes = {
	};
	objectVersion = 46;
	objects = {

/* Begin PBXBuildFile section */
		30D266491BF3C0EC00261977 /* AppDelegate.m in Sources */ = {isa = PBXBuildFile; fileRef = 30D266481BF3C0EC00261977 /* AppDelegate.m */; };
		30D266541BF3C0EC00261977 /* Assets.xcassets in Resources */ = {isa = PBXBuildFile; fileRef = 30D266531BF3C0EC00261977 /* Assets.xcassets */; };
		30D266681BF3C1EB00261977 /* ConverterLab.xcdatamodeld in Sources */ = {isa = PBXBuildFile; fileRef = 30D266631BF3C1EB00261977 /* ConverterLab.xcdatamodeld */; };
		30D2666A1BF3C1EB00261977 /* main.m in Sources */ = {isa = PBXBuildFile; fileRef = 30D266671BF3C1EB00261977 /* main.m */; };
		30D266711BF3C2EB00261977 /* RRRNavigationController.m in Sources */ = {isa = PBXBuildFile; fileRef = 30D266701BF3C2EB00261977 /* RRRNavigationController.m */; };
		30D266751BF3C30F00261977 /* RRRTableViewController.m in Sources */ = {isa = PBXBuildFile; fileRef = 30D266731BF3C30F00261977 /* RRRTableViewController.m */; };
		30D266781BF3C35E00261977 /* RRRTableViewController.xib in Resources */ = {isa = PBXBuildFile; fileRef = 30D266771BF3C35E00261977 /* RRRTableViewController.xib */; };
		30D2667C1BF3C43D00261977 /* RRRTableViewCell.m in Sources */ = {isa = PBXBuildFile; fileRef = 30D2667A1BF3C43D00261977 /* RRRTableViewCell.m */; };
		30D2667D1BF3C43D00261977 /* RRRTableViewCell.xib in Resources */ = {isa = PBXBuildFile; fileRef = 30D2667B1BF3C43D00261977 /* RRRTableViewCell.xib */; };
		30D266801BF3C4BF00261977 /* RRRDataBaseManager.m in Sources */ = {isa = PBXBuildFile; fileRef = 30D2667F1BF3C4BF00261977 /* RRRDataBaseManager.m */; };
		30D266821BF3CAAD00261977 /* Default-568h@2x.png in Resources */ = {isa = PBXBuildFile; fileRef = 30D266811BF3CAAD00261977 /* Default-568h@2x.png */; };
/* End PBXBuildFile section */

/* Begin PBXFileReference section */
		30D266411BF3C0EC00261977 /* ConverterLab.app */ = {isa = PBXFileReference; explicitFileType = wrapper.application; includeInIndex = 0; path = ConverterLab.app; sourceTree = BUILT_PRODUCTS_DIR; };
		30D266471BF3C0EC00261977 /* AppDelegate.h */ = {isa = PBXFileReference; lastKnownFileType = sourcecode.c.h; path = AppDelegate.h; sourceTree = "<group>"; };
		30D266481BF3C0EC00261977 /* AppDelegate.m */ = {isa = PBXFileReference; lastKnownFileType = sourcecode.c.objc; path = AppDelegate.m; sourceTree = "<group>"; };
		30D266531BF3C0EC00261977 /* Assets.xcassets */ = {isa = PBXFileReference; lastKnownFileType = folder.assetcatalog; path = Assets.xcassets; sourceTree = "<group>"; };
		30D266641BF3C1EB00261977 /* ConverterLab.xcdatamodel */ = {isa = PBXFileReference; lastKnownFileType = wrapper.xcdatamodel; path = ConverterLab.xcdatamodel; sourceTree = "<group>"; };
		30D266661BF3C1EB00261977 /* Info.plist */ = {isa = PBXFileReference; fileEncoding = 4; lastKnownFileType = text.plist.xml; path = Info.plist; sourceTree = "<group>"; };
		30D266671BF3C1EB00261977 /* main.m */ = {isa = PBXFileReference; fileEncoding = 4; lastKnownFileType = sourcecode.c.objc; path = main.m; sourceTree = "<group>"; };
		30D2666F1BF3C2EB00261977 /* RRRNavigationController.h */ = {isa = PBXFileReference; fileEncoding = 4; lastKnownFileType = sourcecode.c.h; path = RRRNavigationController.h; sourceTree = "<group>"; };
		30D266701BF3C2EB00261977 /* RRRNavigationController.m */ = {isa = PBXFileReference; fileEncoding = 4; lastKnownFileType = sourcecode.c.objc; path = RRRNavigationController.m; sourceTree = "<group>"; };
		30D266721BF3C30F00261977 /* RRRTableViewController.h */ = {isa = PBXFileReference; fileEncoding = 4; lastKnownFileType = sourcecode.c.h; path = RRRTableViewController.h; sourceTree = "<group>"; };
		30D266731BF3C30F00261977 /* RRRTableViewController.m */ = {isa = PBXFileReference; fileEncoding = 4; lastKnownFileType = sourcecode.c.objc; path = RRRTableViewController.m; sourceTree = "<group>"; };
		30D266771BF3C35E00261977 /* RRRTableViewController.xib */ = {isa = PBXFileReference; fileEncoding = 4; lastKnownFileType = file.xib; path = RRRTableViewController.xib; sourceTree = "<group>"; };
		30D266791BF3C43D00261977 /* RRRTableViewCell.h */ = {isa = PBXFileReference; fileEncoding = 4; lastKnownFileType = sourcecode.c.h; path = RRRTableViewCell.h; sourceTree = "<group>"; };
		30D2667A1BF3C43D00261977 /* RRRTableViewCell.m */ = {isa = PBXFileReference; fileEncoding = 4; lastKnownFileType = sourcecode.c.objc; path = RRRTableViewCell.m; sourceTree = "<group>"; };
		30D2667B1BF3C43D00261977 /* RRRTableViewCell.xib */ = {isa = PBXFileReference; fileEncoding = 4; lastKnownFileType = file.xib; path = RRRTableViewCell.xib; sourceTree = "<group>"; };
		30D2667E1BF3C4BF00261977 /* RRRDataBaseManager.h */ = {isa = PBXFileReference; fileEncoding = 4; lastKnownFileType = sourcecode.c.h; path = RRRDataBaseManager.h; sourceTree = "<group>"; };
		30D2667F1BF3C4BF00261977 /* RRRDataBaseManager.m */ = {isa = PBXFileReference; fileEncoding = 4; lastKnownFileType = sourcecode.c.objc; path = RRRDataBaseManager.m; sourceTree = "<group>"; };
		30D266811BF3CAAD00261977 /* Default-568h@2x.png */ = {isa = PBXFileReference; lastKnownFileType = image.png; path = "Default-568h@2x.png"; sourceTree = "<group>"; };
/* End PBXFileReference section */

/* Begin PBXFrameworksBuildPhase section */
		30D2663E1BF3C0EC00261977 /* Frameworks */ = {
			isa = PBXFrameworksBuildPhase;
			buildActionMask = 2147483647;
			files = (
			);
			runOnlyForDeploymentPostprocessing = 0;
		};
/* End PBXFrameworksBuildPhase section */

/* Begin PBXGroup section */
		30D266381BF3C0EC00261977 = {
			isa = PBXGroup;
			children = (
				30D266811BF3CAAD00261977 /* Default-568h@2x.png */,
				30D266431BF3C0EC00261977 /* ConverterLab */,
				30D266421BF3C0EC00261977 /* Products */,
			);
			sourceTree = "<group>";
		};
		30D266421BF3C0EC00261977 /* Products */ = {
			isa = PBXGroup;
			children = (
				30D266411BF3C0EC00261977 /* ConverterLab.app */,
			);
			name = Products;
			sourceTree = "<group>";
		};
		30D266431BF3C0EC00261977 /* ConverterLab */ = {
			isa = PBXGroup;
			children = (
				30D2665E1BF3C1EB00261977 /* Classes */,
				30D266621BF3C1EB00261977 /* CoreData */,
				30D266651BF3C1EB00261977 /* Supporting Files */,
				30D266471BF3C0EC00261977 /* AppDelegate.h */,
				30D266481BF3C0EC00261977 /* AppDelegate.m */,
				30D266531BF3C0EC00261977 /* Assets.xcassets */,
			);
			path = ConverterLab;
			sourceTree = "<group>";
		};
		30D2665E1BF3C1EB00261977 /* Classes */ = {
			isa = PBXGroup;
			children = (
				30D2665F1BF3C1EB00261977 /* Controllers */,
				30D266601BF3C1EB00261977 /* Models */,
				30D266611BF3C1EB00261977 /* Views */,
			);
			path = Classes;
			sourceTree = "<group>";
		};
		30D2665F1BF3C1EB00261977 /* Controllers */ = {
			isa = PBXGroup;
			children = (
				30D2666E1BF3C2A500261977 /* ViewControllers */,
				30D2667E1BF3C4BF00261977 /* RRRDataBaseManager.h */,
				30D2667F1BF3C4BF00261977 /* RRRDataBaseManager.m */,
			);
			path = Controllers;
			sourceTree = "<group>";
		};
		30D266601BF3C1EB00261977 /* Models */ = {
			isa = PBXGroup;
			children = (
			);
			path = Models;
			sourceTree = "<group>";
		};
		30D266611BF3C1EB00261977 /* Views */ = {
			isa = PBXGroup;
			children = (
				30D266771BF3C35E00261977 /* RRRTableViewController.xib */,
				30D266791BF3C43D00261977 /* RRRTableViewCell.h */,
				30D2667A1BF3C43D00261977 /* RRRTableViewCell.m */,
				30D2667B1BF3C43D00261977 /* RRRTableViewCell.xib */,
			);
			path = Views;
			sourceTree = "<group>";
		};
		30D266621BF3C1EB00261977 /* CoreData */ = {
			isa = PBXGroup;
			children = (
				30D266631BF3C1EB00261977 /* ConverterLab.xcdatamodeld */,
			);
			path = CoreData;
			sourceTree = "<group>";
		};
		30D266651BF3C1EB00261977 /* Supporting Files */ = {
			isa = PBXGroup;
			children = (
				30D266661BF3C1EB00261977 /* Info.plist */,
				30D266671BF3C1EB00261977 /* main.m */,
			);
			path = "Supporting Files";
			sourceTree = "<group>";
		};
		30D2666E1BF3C2A500261977 /* ViewControllers */ = {
			isa = PBXGroup;
			children = (
				30D2666F1BF3C2EB00261977 /* RRRNavigationController.h */,
				30D266701BF3C2EB00261977 /* RRRNavigationController.m */,
				30D266721BF3C30F00261977 /* RRRTableViewController.h */,
				30D266731BF3C30F00261977 /* RRRTableViewController.m */,
			);
			path = ViewControllers;
			sourceTree = "<group>";
		};
/* End PBXGroup section */

/* Begin PBXNativeTarget section */
		30D266401BF3C0EC00261977 /* ConverterLab */ = {
			isa = PBXNativeTarget;
			buildConfigurationList = 30D2665B1BF3C0EC00261977 /* Build configuration list for PBXNativeTarget "ConverterLab" */;
			buildPhases = (
				30D2663D1BF3C0EC00261977 /* Sources */,
				30D2663E1BF3C0EC00261977 /* Frameworks */,
				30D2663F1BF3C0EC00261977 /* Resources */,
			);
			buildRules = (
			);
			dependencies = (
			);
			name = ConverterLab;
			productName = ConverterLab;
			productReference = 30D266411BF3C0EC00261977 /* ConverterLab.app */;
			productType = "com.apple.product-type.application";
		};
/* End PBXNativeTarget section */

/* Begin PBXProject section */
		30D266391BF3C0EC00261977 /* Project object */ = {
			isa = PBXProject;
			attributes = {
				LastUpgradeCheck = 0710;
				ORGANIZATIONNAME = iOS_courses_FinalTask;
				TargetAttributes = {
					30D266401BF3C0EC00261977 = {
						CreatedOnToolsVersion = 7.1;
					};
				};
			};
			buildConfigurationList = 30D2663C1BF3C0EC00261977 /* Build configuration list for PBXProject "ConverterLab" */;
			compatibilityVersion = "Xcode 3.2";
			developmentRegion = English;
			hasScannedForEncodings = 0;
			knownRegions = (
				en,
				Base,
			);
			mainGroup = 30D266381BF3C0EC00261977;
			productRefGroup = 30D266421BF3C0EC00261977 /* Products */;
			projectDirPath = "";
			projectRoot = "";
			targets = (
				30D266401BF3C0EC00261977 /* ConverterLab */,
			);
		};
/* End PBXProject section */

/* Begin PBXResourcesBuildPhase section */
		30D2663F1BF3C0EC00261977 /* Resources */ = {
			isa = PBXResourcesBuildPhase;
			buildActionMask = 2147483647;
			files = (
				30D2667D1BF3C43D00261977 /* RRRTableViewCell.xib in Resources */,
				30D266821BF3CAAD00261977 /* Default-568h@2x.png in Resources */,
				30D266781BF3C35E00261977 /* RRRTableViewController.xib in Resources */,
				30D266541BF3C0EC00261977 /* Assets.xcassets in Resources */,
			);
			runOnlyForDeploymentPostprocessing = 0;
		};
/* End PBXResourcesBuildPhase section */

/* Begin PBXSourcesBuildPhase section */
		30D2663D1BF3C0EC00261977 /* Sources */ = {
			isa = PBXSourcesBuildPhase;
			buildActionMask = 2147483647;
			files = (
				30D2667C1BF3C43D00261977 /* RRRTableViewCell.m in Sources */,
				30D266681BF3C1EB00261977 /* ConverterLab.xcdatamodeld in Sources */,
				30D2666A1BF3C1EB00261977 /* main.m in Sources */,
				30D266711BF3C2EB00261977 /* RRRNavigationController.m in Sources */,
				30D266491BF3C0EC00261977 /* AppDelegate.m in Sources */,
				30D266751BF3C30F00261977 /* RRRTableViewController.m in Sources */,
				30D266801BF3C4BF00261977 /* RRRDataBaseManager.m in Sources */,
			);
			runOnlyForDeploymentPostprocessing = 0;
		};
/* End PBXSourcesBuildPhase section */

/* Begin XCBuildConfiguration section */
		30D266591BF3C0EC00261977 /* Debug */ = {
			isa = XCBuildConfiguration;
			buildSettings = {
				ALWAYS_SEARCH_USER_PATHS = NO;
				CLANG_CXX_LANGUAGE_STANDARD = "gnu++0x";
				CLANG_CXX_LIBRARY = "libc++";
				CLANG_ENABLE_MODULES = YES;
				CLANG_ENABLE_OBJC_ARC = YES;
				CLANG_WARN_BOOL_CONVERSION = YES;
				CLANG_WARN_CONSTANT_CONVERSION = YES;
				CLANG_WARN_DIRECT_OBJC_ISA_USAGE = YES_ERROR;
				CLANG_WARN_EMPTY_BODY = YES;
				CLANG_WARN_ENUM_CONVERSION = YES;
				CLANG_WARN_INT_CONVERSION = YES;
				CLANG_WARN_OBJC_ROOT_CLASS = YES_ERROR;
				CLANG_WARN_UNREACHABLE_CODE = YES;
				CLANG_WARN__DUPLICATE_METHOD_MATCH = YES;
				"CODE_SIGN_IDENTITY[sdk=iphoneos*]" = "iPhone Developer";
				COPY_PHASE_STRIP = NO;
				DEBUG_INFORMATION_FORMAT = dwarf;
				ENABLE_STRICT_OBJC_MSGSEND = YES;
				ENABLE_TESTABILITY = YES;
				GCC_C_LANGUAGE_STANDARD = gnu99;
				GCC_DYNAMIC_NO_PIC = NO;
				GCC_NO_COMMON_BLOCKS = YES;
				GCC_OPTIMIZATION_LEVEL = 0;
				GCC_PREPROCESSOR_DEFINITIONS = (
					"DEBUG=1",
					"$(inherited)",
				);
				GCC_WARN_64_TO_32_BIT_CONVERSION = YES;
				GCC_WARN_ABOUT_RETURN_TYPE = YES_ERROR;
				GCC_WARN_UNDECLARED_SELECTOR = YES;
				GCC_WARN_UNINITIALIZED_AUTOS = YES_AGGRESSIVE;
				GCC_WARN_UNUSED_FUNCTION = YES;
				GCC_WARN_UNUSED_VARIABLE = YES;
				IPHONEOS_DEPLOYMENT_TARGET = 9.1;
				MTL_ENABLE_DEBUG_INFO = YES;
				ONLY_ACTIVE_ARCH = YES;
				SDKROOT = iphoneos;
			};
			name = Debug;
		};
		30D2665A1BF3C0EC00261977 /* Release */ = {
			isa = XCBuildConfiguration;
			buildSettings = {
				ALWAYS_SEARCH_USER_PATHS = NO;
				CLANG_CXX_LANGUAGE_STANDARD = "gnu++0x";
				CLANG_CXX_LIBRARY = "libc++";
				CLANG_ENABLE_MODULES = YES;
				CLANG_ENABLE_OBJC_ARC = YES;
				CLANG_WARN_BOOL_CONVERSION = YES;
				CLANG_WARN_CONSTANT_CONVERSION = YES;
				CLANG_WARN_DIRECT_OBJC_ISA_USAGE = YES_ERROR;
				CLANG_WARN_EMPTY_BODY = YES;
				CLANG_WARN_ENUM_CONVERSION = YES;
				CLANG_WARN_INT_CONVERSION = YES;
				CLANG_WARN_OBJC_ROOT_CLASS = YES_ERROR;
				CLANG_WARN_UNREACHABLE_CODE = YES;
				CLANG_WARN__DUPLICATE_METHOD_MATCH = YES;
				"CODE_SIGN_IDENTITY[sdk=iphoneos*]" = "iPhone Developer";
				COPY_PHASE_STRIP = NO;
				DEBUG_INFORMATION_FORMAT = "dwarf-with-dsym";
				ENABLE_NS_ASSERTIONS = NO;
				ENABLE_STRICT_OBJC_MSGSEND = YES;
				GCC_C_LANGUAGE_STANDARD = gnu99;
				GCC_NO_COMMON_BLOCKS = YES;
				GCC_WARN_64_TO_32_BIT_CONVERSION = YES;
				GCC_WARN_ABOUT_RETURN_TYPE = YES_ERROR;
				GCC_WARN_UNDECLARED_SELECTOR = YES;
				GCC_WARN_UNINITIALIZED_AUTOS = YES_AGGRESSIVE;
				GCC_WARN_UNUSED_FUNCTION = YES;
				GCC_WARN_UNUSED_VARIABLE = YES;
				IPHONEOS_DEPLOYMENT_TARGET = 9.1;
				MTL_ENABLE_DEBUG_INFO = NO;
				SDKROOT = iphoneos;
				VALIDATE_PRODUCT = YES;
			};
			name = Release;
		};
		30D2665C1BF3C0EC00261977 /* Debug */ = {
			isa = XCBuildConfiguration;
			buildSettings = {
				INFOPLIST_FILE = "$(SRCROOT)/ConverterLab/Supporting Files/Info.plist";
				IPHONEOS_DEPLOYMENT_TARGET = 8.0;
				LD_RUNPATH_SEARCH_PATHS = "$(inherited) @executable_path/Frameworks";
				PRODUCT_BUNDLE_IDENTIFIER = "iOS-courses-FinalTask.ConverterLab";
				PRODUCT_NAME = "$(TARGET_NAME)";
			};
			name = Debug;
		};
		30D2665D1BF3C0EC00261977 /* Release */ = {
			isa = XCBuildConfiguration;
			buildSettings = {
				INFOPLIST_FILE = "$(SRCROOT)/ConverterLab/Supporting Files/Info.plist";
				IPHONEOS_DEPLOYMENT_TARGET = 8.0;
				LD_RUNPATH_SEARCH_PATHS = "$(inherited) @executable_path/Frameworks";
				PRODUCT_BUNDLE_IDENTIFIER = "iOS-courses-FinalTask.ConverterLab";
				PRODUCT_NAME = "$(TARGET_NAME)";
			};
			name = Release;
		};
/* End XCBuildConfiguration section */

/* Begin XCConfigurationList section */
		30D2663C1BF3C0EC00261977 /* Build configuration list for PBXProject "ConverterLab" */ = {
			isa = XCConfigurationList;
			buildConfigurations = (
				30D266591BF3C0EC00261977 /* Debug */,
				30D2665A1BF3C0EC00261977 /* Release */,
			);
			defaultConfigurationIsVisible = 0;
			defaultConfigurationName = Release;
		};
		30D2665B1BF3C0EC00261977 /* Build configuration list for PBXNativeTarget "ConverterLab" */ = {
			isa = XCConfigurationList;
			buildConfigurations = (
				30D2665C1BF3C0EC00261977 /* Debug */,
				30D2665D1BF3C0EC00261977 /* Release */,
			);
			defaultConfigurationIsVisible = 0;
			defaultConfigurationName = Release;
		};
/* End XCConfigurationList section */

/* Begin XCVersionGroup section */
		30D266631BF3C1EB00261977 /* ConverterLab.xcdatamodeld */ = {
			isa = XCVersionGroup;
			children = (
				30D266641BF3C1EB00261977 /* ConverterLab.xcdatamodel */,
			);
			currentVersion = 30D266641BF3C1EB00261977 /* ConverterLab.xcdatamodel */;
			path = ConverterLab.xcdatamodeld;
			sourceTree = "<group>";
			versionGroupType = wrapper.xcdatamodel;
		};
/* End XCVersionGroup section */
	};
	rootObject = 30D266391BF3C0EC00261977 /* Project object */;
}
