// !$*UTF8*$!
{
	archiveVersion = 1;
	classes = {
	};
	objectVersion = 46;
	objects = {

/* Begin PBXBuildFile section */
		30908CF01BF79E8900D72889 /* RRRHamburgerButtonView.m in Sources */ = {isa = PBXBuildFile; fileRef = 30908CEF1BF79E8900D72889 /* RRRHamburgerButtonView.m */; };
		30908CF31BF7AF8F00D72889 /* RRRHamburgerOverlayView.m in Sources */ = {isa = PBXBuildFile; fileRef = 30908CF21BF7AF8F00D72889 /* RRRHamburgerOverlayView.m */; };
		30908CF51BF7B20300D72889 /* RRRHamburgerOverlayView.xib in Resources */ = {isa = PBXBuildFile; fileRef = 30908CF41BF7B20300D72889 /* RRRHamburgerOverlayView.xib */; };
		30908CFD1BF7D03000D72889 /* RRRShareView.m in Sources */ = {isa = PBXBuildFile; fileRef = 30908CFC1BF7D03000D72889 /* RRRShareView.m */; };
		30A6CE701BF4A9730040ACC0 /* AppDelegate.m in Sources */ = {isa = PBXBuildFile; fileRef = 30A6CE6F1BF4A9730040ACC0 /* AppDelegate.m */; };
		30A6CE731BF4A9A30040ACC0 /* RRRSingleCurrency.m in Sources */ = {isa = PBXBuildFile; fileRef = 30A6CE721BF4A9A30040ACC0 /* RRRSingleCurrency.m */; };
		30A6CE761BF4A9BC0040ACC0 /* RRRSingleOrganization.m in Sources */ = {isa = PBXBuildFile; fileRef = 30A6CE751BF4A9BC0040ACC0 /* RRRSingleOrganization.m */; };
		30A9CB081BF7450C00D3A3E0 /* RRRMapViewController.xib in Resources */ = {isa = PBXBuildFile; fileRef = 30A9CB061BF7450C00D3A3E0 /* RRRMapViewController.xib */; };
		30A9CB0C1BF74BF800D3A3E0 /* RRRDetailedTableViewController.m in Sources */ = {isa = PBXBuildFile; fileRef = 30A9CB0A1BF74BF800D3A3E0 /* RRRDetailedTableViewController.m */; };
		30A9CB0D1BF74BF800D3A3E0 /* RRRDetailedTableViewController.xib in Resources */ = {isa = PBXBuildFile; fileRef = 30A9CB0B1BF74BF800D3A3E0 /* RRRDetailedTableViewController.xib */; };
		30AAFB091BF699B3006B546E /* MapKit.framework in Frameworks */ = {isa = PBXBuildFile; fileRef = 30AAFB081BF699B3006B546E /* MapKit.framework */; };
		30AAFB0D1BF6A479006B546E /* RRRMapViewController.m in Sources */ = {isa = PBXBuildFile; fileRef = 30AAFB0B1BF6A479006B546E /* RRRMapViewController.m */; };
		30AAFB111BF6ABE6006B546E /* RRRAnnotation.m in Sources */ = {isa = PBXBuildFile; fileRef = 30AAFB101BF6ABE6006B546E /* RRRAnnotation.m */; };
		30D0061A1BF620D200550E3F /* RRRTableViewCell.m in Sources */ = {isa = PBXBuildFile; fileRef = 30D006181BF620D200550E3F /* RRRTableViewCell.m */; };
		30D0061B1BF620D200550E3F /* RRRTableViewCell.xib in Resources */ = {isa = PBXBuildFile; fileRef = 30D006191BF620D200550E3F /* RRRTableViewCell.xib */; };
		30D266541BF3C0EC00261977 /* Assets.xcassets in Resources */ = {isa = PBXBuildFile; fileRef = 30D266531BF3C0EC00261977 /* Assets.xcassets */; };
		30D266681BF3C1EB00261977 /* ConverterLab.xcdatamodeld in Sources */ = {isa = PBXBuildFile; fileRef = 30D266631BF3C1EB00261977 /* ConverterLab.xcdatamodeld */; };
		30D2666A1BF3C1EB00261977 /* main.m in Sources */ = {isa = PBXBuildFile; fileRef = 30D266671BF3C1EB00261977 /* main.m */; };
		30D266711BF3C2EB00261977 /* RRRNavigationController.m in Sources */ = {isa = PBXBuildFile; fileRef = 30D266701BF3C2EB00261977 /* RRRNavigationController.m */; };
		30D266751BF3C30F00261977 /* RRRTableViewController.m in Sources */ = {isa = PBXBuildFile; fileRef = 30D266731BF3C30F00261977 /* RRRTableViewController.m */; };
		30D266781BF3C35E00261977 /* RRRTableViewController.xib in Resources */ = {isa = PBXBuildFile; fileRef = 30D266771BF3C35E00261977 /* RRRTableViewController.xib */; };
		30D266801BF3C4BF00261977 /* RRRDataBaseManager.m in Sources */ = {isa = PBXBuildFile; fileRef = 30D2667F1BF3C4BF00261977 /* RRRDataBaseManager.m */; };
		30D266821BF3CAAD00261977 /* Default-568h@2x.png in Resources */ = {isa = PBXBuildFile; fileRef = 30D266811BF3CAAD00261977 /* Default-568h@2x.png */; };
		30D266981BF3D8C200261977 /* AFHTTPRequestOperation.m in Sources */ = {isa = PBXBuildFile; fileRef = 30D266861BF3D8C200261977 /* AFHTTPRequestOperation.m */; };
		30D266991BF3D8C200261977 /* AFHTTPRequestOperationManager.m in Sources */ = {isa = PBXBuildFile; fileRef = 30D266881BF3D8C200261977 /* AFHTTPRequestOperationManager.m */; };
		30D2669A1BF3D8C200261977 /* AFHTTPSessionManager.m in Sources */ = {isa = PBXBuildFile; fileRef = 30D2668A1BF3D8C200261977 /* AFHTTPSessionManager.m */; };
		30D2669B1BF3D8C200261977 /* AFNetworkReachabilityManager.m in Sources */ = {isa = PBXBuildFile; fileRef = 30D2668D1BF3D8C200261977 /* AFNetworkReachabilityManager.m */; };
		30D2669C1BF3D8C200261977 /* AFSecurityPolicy.m in Sources */ = {isa = PBXBuildFile; fileRef = 30D2668F1BF3D8C200261977 /* AFSecurityPolicy.m */; };
		30D2669D1BF3D8C200261977 /* AFURLConnectionOperation.m in Sources */ = {isa = PBXBuildFile; fileRef = 30D266911BF3D8C200261977 /* AFURLConnectionOperation.m */; };
		30D2669E1BF3D8C200261977 /* AFURLRequestSerialization.m in Sources */ = {isa = PBXBuildFile; fileRef = 30D266931BF3D8C200261977 /* AFURLRequestSerialization.m */; };
		30D2669F1BF3D8C200261977 /* AFURLResponseSerialization.m in Sources */ = {isa = PBXBuildFile; fileRef = 30D266951BF3D8C200261977 /* AFURLResponseSerialization.m */; };
		30D266A01BF3D8C200261977 /* AFURLSessionManager.m in Sources */ = {isa = PBXBuildFile; fileRef = 30D266971BF3D8C200261977 /* AFURLSessionManager.m */; };
		30D266A31BF3DA1D00261977 /* RRRNetworkManager.m in Sources */ = {isa = PBXBuildFile; fileRef = 30D266A21BF3DA1D00261977 /* RRRNetworkManager.m */; };
/* End PBXBuildFile section */

/* Begin PBXFileReference section */
		30908CEE1BF79E8900D72889 /* RRRHamburgerButtonView.h */ = {isa = PBXFileReference; fileEncoding = 4; lastKnownFileType = sourcecode.c.h; path = RRRHamburgerButtonView.h; sourceTree = "<group>"; };
		30908CEF1BF79E8900D72889 /* RRRHamburgerButtonView.m */ = {isa = PBXFileReference; fileEncoding = 4; lastKnownFileType = sourcecode.c.objc; path = RRRHamburgerButtonView.m; sourceTree = "<group>"; };
		30908CF11BF7AF8F00D72889 /* RRRHamburgerOverlayView.h */ = {isa = PBXFileReference; fileEncoding = 4; lastKnownFileType = sourcecode.c.h; path = RRRHamburgerOverlayView.h; sourceTree = "<group>"; };
		30908CF21BF7AF8F00D72889 /* RRRHamburgerOverlayView.m */ = {isa = PBXFileReference; fileEncoding = 4; lastKnownFileType = sourcecode.c.objc; path = RRRHamburgerOverlayView.m; sourceTree = "<group>"; };
		30908CF41BF7B20300D72889 /* RRRHamburgerOverlayView.xib */ = {isa = PBXFileReference; fileEncoding = 4; lastKnownFileType = file.xib; path = RRRHamburgerOverlayView.xib; sourceTree = "<group>"; };
		30908CFB1BF7D03000D72889 /* RRRShareView.h */ = {isa = PBXFileReference; fileEncoding = 4; lastKnownFileType = sourcecode.c.h; path = RRRShareView.h; sourceTree = "<group>"; };
		30908CFC1BF7D03000D72889 /* RRRShareView.m */ = {isa = PBXFileReference; fileEncoding = 4; lastKnownFileType = sourcecode.c.objc; path = RRRShareView.m; sourceTree = "<group>"; };
		30A6CE6E1BF4A9730040ACC0 /* AppDelegate.h */ = {isa = PBXFileReference; fileEncoding = 4; lastKnownFileType = sourcecode.c.h; path = AppDelegate.h; sourceTree = "<group>"; };
		30A6CE6F1BF4A9730040ACC0 /* AppDelegate.m */ = {isa = PBXFileReference; fileEncoding = 4; lastKnownFileType = sourcecode.c.objc; path = AppDelegate.m; sourceTree = "<group>"; };
		30A6CE711BF4A9A30040ACC0 /* RRRSingleCurrency.h */ = {isa = PBXFileReference; fileEncoding = 4; lastKnownFileType = sourcecode.c.h; path = RRRSingleCurrency.h; sourceTree = "<group>"; };
		30A6CE721BF4A9A30040ACC0 /* RRRSingleCurrency.m */ = {isa = PBXFileReference; fileEncoding = 4; lastKnownFileType = sourcecode.c.objc; path = RRRSingleCurrency.m; sourceTree = "<group>"; };
		30A6CE741BF4A9BC0040ACC0 /* RRRSingleOrganization.h */ = {isa = PBXFileReference; fileEncoding = 4; lastKnownFileType = sourcecode.c.h; path = RRRSingleOrganization.h; sourceTree = "<group>"; };
		30A6CE751BF4A9BC0040ACC0 /* RRRSingleOrganization.m */ = {isa = PBXFileReference; fileEncoding = 4; lastKnownFileType = sourcecode.c.objc; path = RRRSingleOrganization.m; sourceTree = "<group>"; };
		30A9CB061BF7450C00D3A3E0 /* RRRMapViewController.xib */ = {isa = PBXFileReference; fileEncoding = 4; lastKnownFileType = file.xib; path = RRRMapViewController.xib; sourceTree = "<group>"; };
		30A9CB091BF74BF800D3A3E0 /* RRRDetailedTableViewController.h */ = {isa = PBXFileReference; fileEncoding = 4; lastKnownFileType = sourcecode.c.h; path = RRRDetailedTableViewController.h; sourceTree = "<group>"; };
		30A9CB0A1BF74BF800D3A3E0 /* RRRDetailedTableViewController.m */ = {isa = PBXFileReference; fileEncoding = 4; lastKnownFileType = sourcecode.c.objc; path = RRRDetailedTableViewController.m; sourceTree = "<group>"; };
		30A9CB0B1BF74BF800D3A3E0 /* RRRDetailedTableViewController.xib */ = {isa = PBXFileReference; fileEncoding = 4; lastKnownFileType = file.xib; path = RRRDetailedTableViewController.xib; sourceTree = "<group>"; };
		30AAFB081BF699B3006B546E /* MapKit.framework */ = {isa = PBXFileReference; lastKnownFileType = wrapper.framework; name = MapKit.framework; path = System/Library/Frameworks/MapKit.framework; sourceTree = SDKROOT; };
		30AAFB0A1BF6A479006B546E /* RRRMapViewController.h */ = {isa = PBXFileReference; fileEncoding = 4; lastKnownFileType = sourcecode.c.h; path = RRRMapViewController.h; sourceTree = "<group>"; };
		30AAFB0B1BF6A479006B546E /* RRRMapViewController.m */ = {isa = PBXFileReference; fileEncoding = 4; lastKnownFileType = sourcecode.c.objc; path = RRRMapViewController.m; sourceTree = "<group>"; };
		30AAFB0F1BF6ABE6006B546E /* RRRAnnotation.h */ = {isa = PBXFileReference; fileEncoding = 4; lastKnownFileType = sourcecode.c.h; path = RRRAnnotation.h; sourceTree = "<group>"; };
		30AAFB101BF6ABE6006B546E /* RRRAnnotation.m */ = {isa = PBXFileReference; fileEncoding = 4; lastKnownFileType = sourcecode.c.objc; path = RRRAnnotation.m; sourceTree = "<group>"; };
		30D006171BF620D200550E3F /* RRRTableViewCell.h */ = {isa = PBXFileReference; fileEncoding = 4; lastKnownFileType = sourcecode.c.h; path = RRRTableViewCell.h; sourceTree = "<group>"; };
		30D006181BF620D200550E3F /* RRRTableViewCell.m */ = {isa = PBXFileReference; fileEncoding = 4; lastKnownFileType = sourcecode.c.objc; path = RRRTableViewCell.m; sourceTree = "<group>"; };
		30D006191BF620D200550E3F /* RRRTableViewCell.xib */ = {isa = PBXFileReference; fileEncoding = 4; lastKnownFileType = file.xib; path = RRRTableViewCell.xib; sourceTree = "<group>"; };
		30D266411BF3C0EC00261977 /* ConverterLab.app */ = {isa = PBXFileReference; explicitFileType = wrapper.application; includeInIndex = 0; path = ConverterLab.app; sourceTree = BUILT_PRODUCTS_DIR; };
		30D266531BF3C0EC00261977 /* Assets.xcassets */ = {isa = PBXFileReference; lastKnownFileType = folder.assetcatalog; path = Assets.xcassets; sourceTree = "<group>"; };
		30D266641BF3C1EB00261977 /* ConverterLab.xcdatamodel */ = {isa = PBXFileReference; lastKnownFileType = wrapper.xcdatamodel; path = ConverterLab.xcdatamodel; sourceTree = "<group>"; };
		30D266661BF3C1EB00261977 /* Info.plist */ = {isa = PBXFileReference; fileEncoding = 4; lastKnownFileType = text.plist.xml; path = Info.plist; sourceTree = "<group>"; };
		30D266671BF3C1EB00261977 /* main.m */ = {isa = PBXFileReference; fileEncoding = 4; lastKnownFileType = sourcecode.c.objc; path = main.m; sourceTree = "<group>"; };
		30D2666F1BF3C2EB00261977 /* RRRNavigationController.h */ = {isa = PBXFileReference; fileEncoding = 4; lastKnownFileType = sourcecode.c.h; path = RRRNavigationController.h; sourceTree = "<group>"; };
		30D266701BF3C2EB00261977 /* RRRNavigationController.m */ = {isa = PBXFileReference; fileEncoding = 4; lastKnownFileType = sourcecode.c.objc; path = RRRNavigationController.m; sourceTree = "<group>"; };
		30D266721BF3C30F00261977 /* RRRTableViewController.h */ = {isa = PBXFileReference; fileEncoding = 4; lastKnownFileType = sourcecode.c.h; path = RRRTableViewController.h; sourceTree = "<group>"; };
		30D266731BF3C30F00261977 /* RRRTableViewController.m */ = {isa = PBXFileReference; fileEncoding = 4; lastKnownFileType = sourcecode.c.objc; path = RRRTableViewController.m; sourceTree = "<group>"; };
		30D266771BF3C35E00261977 /* RRRTableViewController.xib */ = {isa = PBXFileReference; fileEncoding = 4; lastKnownFileType = file.xib; path = RRRTableViewController.xib; sourceTree = "<group>"; };
		30D2667E1BF3C4BF00261977 /* RRRDataBaseManager.h */ = {isa = PBXFileReference; fileEncoding = 4; lastKnownFileType = sourcecode.c.h; path = RRRDataBaseManager.h; sourceTree = "<group>"; };
		30D2667F1BF3C4BF00261977 /* RRRDataBaseManager.m */ = {isa = PBXFileReference; fileEncoding = 4; lastKnownFileType = sourcecode.c.objc; path = RRRDataBaseManager.m; sourceTree = "<group>"; };
		30D266811BF3CAAD00261977 /* Default-568h@2x.png */ = {isa = PBXFileReference; lastKnownFileType = image.png; path = "Default-568h@2x.png"; sourceTree = "<group>"; };
		30D266851BF3D8C200261977 /* AFHTTPRequestOperation.h */ = {isa = PBXFileReference; fileEncoding = 4; lastKnownFileType = sourcecode.c.h; path = AFHTTPRequestOperation.h; sourceTree = "<group>"; };
		30D266861BF3D8C200261977 /* AFHTTPRequestOperation.m */ = {isa = PBXFileReference; fileEncoding = 4; lastKnownFileType = sourcecode.c.objc; path = AFHTTPRequestOperation.m; sourceTree = "<group>"; };
		30D266871BF3D8C200261977 /* AFHTTPRequestOperationManager.h */ = {isa = PBXFileReference; fileEncoding = 4; lastKnownFileType = sourcecode.c.h; path = AFHTTPRequestOperationManager.h; sourceTree = "<group>"; };
		30D266881BF3D8C200261977 /* AFHTTPRequestOperationManager.m */ = {isa = PBXFileReference; fileEncoding = 4; lastKnownFileType = sourcecode.c.objc; path = AFHTTPRequestOperationManager.m; sourceTree = "<group>"; };
		30D266891BF3D8C200261977 /* AFHTTPSessionManager.h */ = {isa = PBXFileReference; fileEncoding = 4; lastKnownFileType = sourcecode.c.h; path = AFHTTPSessionManager.h; sourceTree = "<group>"; };
		30D2668A1BF3D8C200261977 /* AFHTTPSessionManager.m */ = {isa = PBXFileReference; fileEncoding = 4; lastKnownFileType = sourcecode.c.objc; path = AFHTTPSessionManager.m; sourceTree = "<group>"; };
		30D2668B1BF3D8C200261977 /* AFNetworking.h */ = {isa = PBXFileReference; fileEncoding = 4; lastKnownFileType = sourcecode.c.h; path = AFNetworking.h; sourceTree = "<group>"; };
		30D2668C1BF3D8C200261977 /* AFNetworkReachabilityManager.h */ = {isa = PBXFileReference; fileEncoding = 4; lastKnownFileType = sourcecode.c.h; path = AFNetworkReachabilityManager.h; sourceTree = "<group>"; };
		30D2668D1BF3D8C200261977 /* AFNetworkReachabilityManager.m */ = {isa = PBXFileReference; fileEncoding = 4; lastKnownFileType = sourcecode.c.objc; path = AFNetworkReachabilityManager.m; sourceTree = "<group>"; };
		30D2668E1BF3D8C200261977 /* AFSecurityPolicy.h */ = {isa = PBXFileReference; fileEncoding = 4; lastKnownFileType = sourcecode.c.h; path = AFSecurityPolicy.h; sourceTree = "<group>"; };
		30D2668F1BF3D8C200261977 /* AFSecurityPolicy.m */ = {isa = PBXFileReference; fileEncoding = 4; lastKnownFileType = sourcecode.c.objc; path = AFSecurityPolicy.m; sourceTree = "<group>"; };
		30D266901BF3D8C200261977 /* AFURLConnectionOperation.h */ = {isa = PBXFileReference; fileEncoding = 4; lastKnownFileType = sourcecode.c.h; path = AFURLConnectionOperation.h; sourceTree = "<group>"; };
		30D266911BF3D8C200261977 /* AFURLConnectionOperation.m */ = {isa = PBXFileReference; fileEncoding = 4; lastKnownFileType = sourcecode.c.objc; path = AFURLConnectionOperation.m; sourceTree = "<group>"; };
		30D266921BF3D8C200261977 /* AFURLRequestSerialization.h */ = {isa = PBXFileReference; fileEncoding = 4; lastKnownFileType = sourcecode.c.h; path = AFURLRequestSerialization.h; sourceTree = "<group>"; };
		30D266931BF3D8C200261977 /* AFURLRequestSerialization.m */ = {isa = PBXFileReference; fileEncoding = 4; lastKnownFileType = sourcecode.c.objc; path = AFURLRequestSerialization.m; sourceTree = "<group>"; };
		30D266941BF3D8C200261977 /* AFURLResponseSerialization.h */ = {isa = PBXFileReference; fileEncoding = 4; lastKnownFileType = sourcecode.c.h; path = AFURLResponseSerialization.h; sourceTree = "<group>"; };
		30D266951BF3D8C200261977 /* AFURLResponseSerialization.m */ = {isa = PBXFileReference; fileEncoding = 4; lastKnownFileType = sourcecode.c.objc; path = AFURLResponseSerialization.m; sourceTree = "<group>"; };
		30D266961BF3D8C200261977 /* AFURLSessionManager.h */ = {isa = PBXFileReference; fileEncoding = 4; lastKnownFileType = sourcecode.c.h; path = AFURLSessionManager.h; sourceTree = "<group>"; };
		30D266971BF3D8C200261977 /* AFURLSessionManager.m */ = {isa = PBXFileReference; fileEncoding = 4; lastKnownFileType = sourcecode.c.objc; path = AFURLSessionManager.m; sourceTree = "<group>"; };
		30D266A11BF3DA1D00261977 /* RRRNetworkManager.h */ = {isa = PBXFileReference; fileEncoding = 4; lastKnownFileType = sourcecode.c.h; path = RRRNetworkManager.h; sourceTree = "<group>"; };
		30D266A21BF3DA1D00261977 /* RRRNetworkManager.m */ = {isa = PBXFileReference; fileEncoding = 4; lastKnownFileType = sourcecode.c.objc; path = RRRNetworkManager.m; sourceTree = "<group>"; };
/* End PBXFileReference section */

/* Begin PBXFrameworksBuildPhase section */
		30D2663E1BF3C0EC00261977 /* Frameworks */ = {
			isa = PBXFrameworksBuildPhase;
			buildActionMask = 2147483647;
			files = (
				30AAFB091BF699B3006B546E /* MapKit.framework in Frameworks */,
			);
			runOnlyForDeploymentPostprocessing = 0;
		};
/* End PBXFrameworksBuildPhase section */

/* Begin PBXGroup section */
		30D266381BF3C0EC00261977 = {
			isa = PBXGroup;
			children = (
				30AAFB081BF699B3006B546E /* MapKit.framework */,
				30D266811BF3CAAD00261977 /* Default-568h@2x.png */,
				30D266431BF3C0EC00261977 /* ConverterLab */,
				30D266421BF3C0EC00261977 /* Products */,
			);
			sourceTree = "<group>";
		};
		30D266421BF3C0EC00261977 /* Products */ = {
			isa = PBXGroup;
			children = (
				30D266411BF3C0EC00261977 /* ConverterLab.app */,
			);
			name = Products;
			sourceTree = "<group>";
		};
		30D266431BF3C0EC00261977 /* ConverterLab */ = {
			isa = PBXGroup;
			children = (
				30D266831BF3D8A600261977 /* Libraries */,
				30D2665E1BF3C1EB00261977 /* Classes */,
				30D266621BF3C1EB00261977 /* CoreData */,
				30D266651BF3C1EB00261977 /* Supporting Files */,
				30D266531BF3C0EC00261977 /* Assets.xcassets */,
			);
			path = ConverterLab;
			sourceTree = "<group>";
		};
		30D2665E1BF3C1EB00261977 /* Classes */ = {
			isa = PBXGroup;
			children = (
				30A6CE6E1BF4A9730040ACC0 /* AppDelegate.h */,
				30A6CE6F1BF4A9730040ACC0 /* AppDelegate.m */,
				30D2665F1BF3C1EB00261977 /* Controllers */,
				30D266601BF3C1EB00261977 /* Models */,
				30D266611BF3C1EB00261977 /* Views */,
			);
			path = Classes;
			sourceTree = "<group>";
		};
		30D2665F1BF3C1EB00261977 /* Controllers */ = {
			isa = PBXGroup;
			children = (
				30D2666E1BF3C2A500261977 /* ViewControllers */,
				30D2667E1BF3C4BF00261977 /* RRRDataBaseManager.h */,
				30D2667F1BF3C4BF00261977 /* RRRDataBaseManager.m */,
				30D266A11BF3DA1D00261977 /* RRRNetworkManager.h */,
				30D266A21BF3DA1D00261977 /* RRRNetworkManager.m */,
			);
			path = Controllers;
			sourceTree = "<group>";
		};
		30D266601BF3C1EB00261977 /* Models */ = {
			isa = PBXGroup;
			children = (
				30A6CE711BF4A9A30040ACC0 /* RRRSingleCurrency.h */,
				30A6CE721BF4A9A30040ACC0 /* RRRSingleCurrency.m */,
				30A6CE741BF4A9BC0040ACC0 /* RRRSingleOrganization.h */,
				30A6CE751BF4A9BC0040ACC0 /* RRRSingleOrganization.m */,
				30AAFB0F1BF6ABE6006B546E /* RRRAnnotation.h */,
				30AAFB101BF6ABE6006B546E /* RRRAnnotation.m */,
			);
			path = Models;
			sourceTree = "<group>";
		};
		30D266611BF3C1EB00261977 /* Views */ = {
			isa = PBXGroup;
			children = (
				30A9CB061BF7450C00D3A3E0 /* RRRMapViewController.xib */,
				30D266771BF3C35E00261977 /* RRRTableViewController.xib */,
				30D006171BF620D200550E3F /* RRRTableViewCell.h */,
				30D006181BF620D200550E3F /* RRRTableViewCell.m */,
				30D006191BF620D200550E3F /* RRRTableViewCell.xib */,
				30908CEE1BF79E8900D72889 /* RRRHamburgerButtonView.h */,
				30908CEF1BF79E8900D72889 /* RRRHamburgerButtonView.m */,
				30908CF11BF7AF8F00D72889 /* RRRHamburgerOverlayView.h */,
				30908CF21BF7AF8F00D72889 /* RRRHamburgerOverlayView.m */,
				30908CF41BF7B20300D72889 /* RRRHamburgerOverlayView.xib */,
				30908CFB1BF7D03000D72889 /* RRRShareView.h */,
				30908CFC1BF7D03000D72889 /* RRRShareView.m */,
			);
			path = Views;
			sourceTree = "<group>";
		};
		30D266621BF3C1EB00261977 /* CoreData */ = {
			isa = PBXGroup;
			children = (
				30D266631BF3C1EB00261977 /* ConverterLab.xcdatamodeld */,
			);
			path = CoreData;
			sourceTree = "<group>";
		};
		30D266651BF3C1EB00261977 /* Supporting Files */ = {
			isa = PBXGroup;
			children = (
				30D266661BF3C1EB00261977 /* Info.plist */,
				30D266671BF3C1EB00261977 /* main.m */,
			);
			path = "Supporting Files";
			sourceTree = "<group>";
		};
		30D2666E1BF3C2A500261977 /* ViewControllers */ = {
			isa = PBXGroup;
			children = (
				30D2666F1BF3C2EB00261977 /* RRRNavigationController.h */,
				30D266701BF3C2EB00261977 /* RRRNavigationController.m */,
				30D266721BF3C30F00261977 /* RRRTableViewController.h */,
				30D266731BF3C30F00261977 /* RRRTableViewController.m */,
				30AAFB0A1BF6A479006B546E /* RRRMapViewController.h */,
				30AAFB0B1BF6A479006B546E /* RRRMapViewController.m */,
				30A9CB091BF74BF800D3A3E0 /* RRRDetailedTableViewController.h */,
				30A9CB0A1BF74BF800D3A3E0 /* RRRDetailedTableViewController.m */,
				30A9CB0B1BF74BF800D3A3E0 /* RRRDetailedTableViewController.xib */,
			);
			path = ViewControllers;
			sourceTree = "<group>";
		};
		30D266831BF3D8A600261977 /* Libraries */ = {
			isa = PBXGroup;
			children = (
				30D266841BF3D8C200261977 /* AFNetworking */,
			);
			path = Libraries;
			sourceTree = "<group>";
		};
		30D266841BF3D8C200261977 /* AFNetworking */ = {
			isa = PBXGroup;
			children = (
				30D266851BF3D8C200261977 /* AFHTTPRequestOperation.h */,
				30D266861BF3D8C200261977 /* AFHTTPRequestOperation.m */,
				30D266871BF3D8C200261977 /* AFHTTPRequestOperationManager.h */,
				30D266881BF3D8C200261977 /* AFHTTPRequestOperationManager.m */,
				30D266891BF3D8C200261977 /* AFHTTPSessionManager.h */,
				30D2668A1BF3D8C200261977 /* AFHTTPSessionManager.m */,
				30D2668B1BF3D8C200261977 /* AFNetworking.h */,
				30D2668C1BF3D8C200261977 /* AFNetworkReachabilityManager.h */,
				30D2668D1BF3D8C200261977 /* AFNetworkReachabilityManager.m */,
				30D2668E1BF3D8C200261977 /* AFSecurityPolicy.h */,
				30D2668F1BF3D8C200261977 /* AFSecurityPolicy.m */,
				30D266901BF3D8C200261977 /* AFURLConnectionOperation.h */,
				30D266911BF3D8C200261977 /* AFURLConnectionOperation.m */,
				30D266921BF3D8C200261977 /* AFURLRequestSerialization.h */,
				30D266931BF3D8C200261977 /* AFURLRequestSerialization.m */,
				30D266941BF3D8C200261977 /* AFURLResponseSerialization.h */,
				30D266951BF3D8C200261977 /* AFURLResponseSerialization.m */,
				30D266961BF3D8C200261977 /* AFURLSessionManager.h */,
				30D266971BF3D8C200261977 /* AFURLSessionManager.m */,
			);
			path = AFNetworking;
			sourceTree = "<group>";
		};
/* End PBXGroup section */

/* Begin PBXNativeTarget section */
		30D266401BF3C0EC00261977 /* ConverterLab */ = {
			isa = PBXNativeTarget;
			buildConfigurationList = 30D2665B1BF3C0EC00261977 /* Build configuration list for PBXNativeTarget "ConverterLab" */;
			buildPhases = (
				30D2663D1BF3C0EC00261977 /* Sources */,
				30D2663E1BF3C0EC00261977 /* Frameworks */,
				30D2663F1BF3C0EC00261977 /* Resources */,
			);
			buildRules = (
			);
			dependencies = (
			);
			name = ConverterLab;
			productName = ConverterLab;
			productReference = 30D266411BF3C0EC00261977 /* ConverterLab.app */;
			productType = "com.apple.product-type.application";
		};
/* End PBXNativeTarget section */

/* Begin PBXProject section */
		30D266391BF3C0EC00261977 /* Project object */ = {
			isa = PBXProject;
			attributes = {
				LastUpgradeCheck = 0710;
				ORGANIZATIONNAME = iOS_courses_FinalTask;
				TargetAttributes = {
					30D266401BF3C0EC00261977 = {
						CreatedOnToolsVersion = 7.1;
					};
				};
			};
			buildConfigurationList = 30D2663C1BF3C0EC00261977 /* Build configuration list for PBXProject "ConverterLab" */;
			compatibilityVersion = "Xcode 3.2";
			developmentRegion = English;
			hasScannedForEncodings = 0;
			knownRegions = (
				en,
				Base,
			);
			mainGroup = 30D266381BF3C0EC00261977;
			productRefGroup = 30D266421BF3C0EC00261977 /* Products */;
			projectDirPath = "";
			projectRoot = "";
			targets = (
				30D266401BF3C0EC00261977 /* ConverterLab */,
			);
		};
/* End PBXProject section */

/* Begin PBXResourcesBuildPhase section */
		30D2663F1BF3C0EC00261977 /* Resources */ = {
			isa = PBXResourcesBuildPhase;
			buildActionMask = 2147483647;
			files = (
				30908CF51BF7B20300D72889 /* RRRHamburgerOverlayView.xib in Resources */,
				30D266821BF3CAAD00261977 /* Default-568h@2x.png in Resources */,
				30D266781BF3C35E00261977 /* RRRTableViewController.xib in Resources */,
				30A9CB081BF7450C00D3A3E0 /* RRRMapViewController.xib in Resources */,
				30D0061B1BF620D200550E3F /* RRRTableViewCell.xib in Resources */,
				30A9CB0D1BF74BF800D3A3E0 /* RRRDetailedTableViewController.xib in Resources */,
				30D266541BF3C0EC00261977 /* Assets.xcassets in Resources */,
			);
			runOnlyForDeploymentPostprocessing = 0;
		};
/* End PBXResourcesBuildPhase section */

/* Begin PBXSourcesBuildPhase section */
		30D2663D1BF3C0EC00261977 /* Sources */ = {
			isa = PBXSourcesBuildPhase;
			buildActionMask = 2147483647;
			files = (
				30AAFB0D1BF6A479006B546E /* RRRMapViewController.m in Sources */,
				30D2669D1BF3D8C200261977 /* AFURLConnectionOperation.m in Sources */,
				30D266681BF3C1EB00261977 /* ConverterLab.xcdatamodeld in Sources */,
				30D2666A1BF3C1EB00261977 /* main.m in Sources */,
				30908CF31BF7AF8F00D72889 /* RRRHamburgerOverlayView.m in Sources */,
				30D2669F1BF3D8C200261977 /* AFURLResponseSerialization.m in Sources */,
				30A6CE731BF4A9A30040ACC0 /* RRRSingleCurrency.m in Sources */,
				30D266711BF3C2EB00261977 /* RRRNavigationController.m in Sources */,
				30D0061A1BF620D200550E3F /* RRRTableViewCell.m in Sources */,
				30A9CB0C1BF74BF800D3A3E0 /* RRRDetailedTableViewController.m in Sources */,
				30D2669E1BF3D8C200261977 /* AFURLRequestSerialization.m in Sources */,
				30D2669C1BF3D8C200261977 /* AFSecurityPolicy.m in Sources */,
				30D266981BF3D8C200261977 /* AFHTTPRequestOperation.m in Sources */,
				30908CF01BF79E8900D72889 /* RRRHamburgerButtonView.m in Sources */,
				30D266A01BF3D8C200261977 /* AFURLSessionManager.m in Sources */,
				30D266751BF3C30F00261977 /* RRRTableViewController.m in Sources */,
				30D2669A1BF3D8C200261977 /* AFHTTPSessionManager.m in Sources */,
				30D266A31BF3DA1D00261977 /* RRRNetworkManager.m in Sources */,
				30D266801BF3C4BF00261977 /* RRRDataBaseManager.m in Sources */,
				30A6CE761BF4A9BC0040ACC0 /* RRRSingleOrganization.m in Sources */,
				30A6CE701BF4A9730040ACC0 /* AppDelegate.m in Sources */,
				30D2669B1BF3D8C200261977 /* AFNetworkReachabilityManager.m in Sources */,
				30908CFD1BF7D03000D72889 /* RRRShareView.m in Sources */,
				30D266991BF3D8C200261977 /* AFHTTPRequestOperationManager.m in Sources */,
				30AAFB111BF6ABE6006B546E /* RRRAnnotation.m in Sources */,
			);
			runOnlyForDeploymentPostprocessing = 0;
		};
/* End PBXSourcesBuildPhase section */

/* Begin XCBuildConfiguration section */
		30D266591BF3C0EC00261977 /* Debug */ = {
			isa = XCBuildConfiguration;
			buildSettings = {
				ALWAYS_SEARCH_USER_PATHS = NO;
				CLANG_CXX_LANGUAGE_STANDARD = "gnu++0x";
				CLANG_CXX_LIBRARY = "libc++";
				CLANG_ENABLE_MODULES = YES;
				CLANG_ENABLE_OBJC_ARC = YES;
				CLANG_WARN_BOOL_CONVERSION = YES;
				CLANG_WARN_CONSTANT_CONVERSION = YES;
				CLANG_WARN_DIRECT_OBJC_ISA_USAGE = YES_ERROR;
				CLANG_WARN_EMPTY_BODY = YES;
				CLANG_WARN_ENUM_CONVERSION = YES;
				CLANG_WARN_INT_CONVERSION = YES;
				CLANG_WARN_OBJC_ROOT_CLASS = YES_ERROR;
				CLANG_WARN_UNREACHABLE_CODE = YES;
				CLANG_WARN__DUPLICATE_METHOD_MATCH = YES;
				"CODE_SIGN_IDENTITY[sdk=iphoneos*]" = "iPhone Developer";
				COPY_PHASE_STRIP = NO;
				DEBUG_INFORMATION_FORMAT = dwarf;
				ENABLE_STRICT_OBJC_MSGSEND = YES;
				ENABLE_TESTABILITY = YES;
				GCC_C_LANGUAGE_STANDARD = gnu99;
				GCC_DYNAMIC_NO_PIC = NO;
				GCC_NO_COMMON_BLOCKS = YES;
				GCC_OPTIMIZATION_LEVEL = 0;
				GCC_PREPROCESSOR_DEFINITIONS = (
					"DEBUG=1",
					"$(inherited)",
				);
				GCC_WARN_64_TO_32_BIT_CONVERSION = YES;
				GCC_WARN_ABOUT_RETURN_TYPE = YES_ERROR;
				GCC_WARN_UNDECLARED_SELECTOR = YES;
				GCC_WARN_UNINITIALIZED_AUTOS = YES_AGGRESSIVE;
				GCC_WARN_UNUSED_FUNCTION = YES;
				GCC_WARN_UNUSED_VARIABLE = YES;
				IPHONEOS_DEPLOYMENT_TARGET = 9.1;
				MTL_ENABLE_DEBUG_INFO = YES;
				ONLY_ACTIVE_ARCH = YES;
				SDKROOT = iphoneos;
			};
			name = Debug;
		};
		30D2665A1BF3C0EC00261977 /* Release */ = {
			isa = XCBuildConfiguration;
			buildSettings = {
				ALWAYS_SEARCH_USER_PATHS = NO;
				CLANG_CXX_LANGUAGE_STANDARD = "gnu++0x";
				CLANG_CXX_LIBRARY = "libc++";
				CLANG_ENABLE_MODULES = YES;
				CLANG_ENABLE_OBJC_ARC = YES;
				CLANG_WARN_BOOL_CONVERSION = YES;
				CLANG_WARN_CONSTANT_CONVERSION = YES;
				CLANG_WARN_DIRECT_OBJC_ISA_USAGE = YES_ERROR;
				CLANG_WARN_EMPTY_BODY = YES;
				CLANG_WARN_ENUM_CONVERSION = YES;
				CLANG_WARN_INT_CONVERSION = YES;
				CLANG_WARN_OBJC_ROOT_CLASS = YES_ERROR;
				CLANG_WARN_UNREACHABLE_CODE = YES;
				CLANG_WARN__DUPLICATE_METHOD_MATCH = YES;
				"CODE_SIGN_IDENTITY[sdk=iphoneos*]" = "iPhone Developer";
				COPY_PHASE_STRIP = NO;
				DEBUG_INFORMATION_FORMAT = "dwarf-with-dsym";
				ENABLE_NS_ASSERTIONS = NO;
				ENABLE_STRICT_OBJC_MSGSEND = YES;
				GCC_C_LANGUAGE_STANDARD = gnu99;
				GCC_NO_COMMON_BLOCKS = YES;
				GCC_WARN_64_TO_32_BIT_CONVERSION = YES;
				GCC_WARN_ABOUT_RETURN_TYPE = YES_ERROR;
				GCC_WARN_UNDECLARED_SELECTOR = YES;
				GCC_WARN_UNINITIALIZED_AUTOS = YES_AGGRESSIVE;
				GCC_WARN_UNUSED_FUNCTION = YES;
				GCC_WARN_UNUSED_VARIABLE = YES;
				IPHONEOS_DEPLOYMENT_TARGET = 9.1;
				MTL_ENABLE_DEBUG_INFO = NO;
				SDKROOT = iphoneos;
				VALIDATE_PRODUCT = YES;
			};
			name = Release;
		};
		30D2665C1BF3C0EC00261977 /* Debug */ = {
			isa = XCBuildConfiguration;
			buildSettings = {
				INFOPLIST_FILE = "$(SRCROOT)/ConverterLab/Supporting Files/Info.plist";
				IPHONEOS_DEPLOYMENT_TARGET = 8.0;
				LD_RUNPATH_SEARCH_PATHS = "$(inherited) @executable_path/Frameworks";
				PRODUCT_BUNDLE_IDENTIFIER = "iOS-courses-FinalTask.ConverterLab";
				PRODUCT_NAME = "$(TARGET_NAME)";
			};
			name = Debug;
		};
		30D2665D1BF3C0EC00261977 /* Release */ = {
			isa = XCBuildConfiguration;
			buildSettings = {
				INFOPLIST_FILE = "$(SRCROOT)/ConverterLab/Supporting Files/Info.plist";
				IPHONEOS_DEPLOYMENT_TARGET = 8.0;
				LD_RUNPATH_SEARCH_PATHS = "$(inherited) @executable_path/Frameworks";
				PRODUCT_BUNDLE_IDENTIFIER = "iOS-courses-FinalTask.ConverterLab";
				PRODUCT_NAME = "$(TARGET_NAME)";
			};
			name = Release;
		};
/* End XCBuildConfiguration section */

/* Begin XCConfigurationList section */
		30D2663C1BF3C0EC00261977 /* Build configuration list for PBXProject "ConverterLab" */ = {
			isa = XCConfigurationList;
			buildConfigurations = (
				30D266591BF3C0EC00261977 /* Debug */,
				30D2665A1BF3C0EC00261977 /* Release */,
			);
			defaultConfigurationIsVisible = 0;
			defaultConfigurationName = Release;
		};
		30D2665B1BF3C0EC00261977 /* Build configuration list for PBXNativeTarget "ConverterLab" */ = {
			isa = XCConfigurationList;
			buildConfigurations = (
				30D2665C1BF3C0EC00261977 /* Debug */,
				30D2665D1BF3C0EC00261977 /* Release */,
			);
			defaultConfigurationIsVisible = 0;
			defaultConfigurationName = Release;
		};
/* End XCConfigurationList section */

/* Begin XCVersionGroup section */
		30D266631BF3C1EB00261977 /* ConverterLab.xcdatamodeld */ = {
			isa = XCVersionGroup;
			children = (
				30D266641BF3C1EB00261977 /* ConverterLab.xcdatamodel */,
			);
			currentVersion = 30D266641BF3C1EB00261977 /* ConverterLab.xcdatamodel */;
			path = ConverterLab.xcdatamodeld;
			sourceTree = "<group>";
			versionGroupType = wrapper.xcdatamodel;
		};
/* End XCVersionGroup section */
	};
	rootObject = 30D266391BF3C0EC00261977 /* Project object */;
}
